
Microsoft Visual Studio Solution File, Format Version 12.00
# Visual Studio 2013
VisualStudioVersion = 12.0.31101.0
MinimumVisualStudioVersion = 10.0.40219.1
Project("{FAE04EC0-301F-11D3-BF4B-00C04F79EFBC}") = "OnlineShopEF", "OnlineShopEF\OnlineShopEF.csproj", "{F84647DA-24F1-409A-B8B5-0BA5DF2D5267}"
EndProject
Project("{FAE04EC0-301F-11D3-BF4B-00C04F79EFBC}") = "OnlineShopEF.Test", "OnlineShopEF.Test\OnlineShopEF.Test.csproj", "{16EFB174-29BF-46A2-8A1D-48B2A751094A}"
EndProject
Project("{FAE04EC0-301F-11D3-BF4B-00C04F79EFBC}") = "OnlineShopMVC", "OnlineShopMVC\OnlineShopMVC.csproj", "{63F92E02-EEF5-466B-BE4F-0499F39F83BF}"
EndProject
Project("{FAE04EC0-301F-11D3-BF4B-00C04F79EFBC}") = "OnlineShopMVC.Tests", "OnlineShopMVC.Tests\OnlineShopMVC.Tests.csproj", "{3D9A7767-A5EB-4A1D-BCA0-5025170D8516}"
EndProject
Global
	GlobalSection(SolutionConfigurationPlatforms) = preSolution
		Debug|Any CPU = Debug|Any CPU
		Release|Any CPU = Release|Any CPU
	EndGlobalSection
	GlobalSection(ProjectConfigurationPlatforms) = postSolution
		{F84647DA-24F1-409A-B8B5-0BA5DF2D5267}.Debug|Any CPU.ActiveCfg = Debug|Any CPU
		{F84647DA-24F1-409A-B8B5-0BA5DF2D5267}.Debug|Any CPU.Build.0 = Debug|Any CPU
		{F84647DA-24F1-409A-B8B5-0BA5DF2D5267}.Release|Any CPU.ActiveCfg = Release|Any CPU
		{F84647DA-24F1-409A-B8B5-0BA5DF2D5267}.Release|Any CPU.Build.0 = Release|Any CPU
		{16EFB174-29BF-46A2-8A1D-48B2A751094A}.Debug|Any CPU.ActiveCfg = Debug|Any CPU
		{16EFB174-29BF-46A2-8A1D-48B2A751094A}.Debug|Any CPU.Build.0 = Debug|Any CPU
		{16EFB174-29BF-46A2-8A1D-48B2A751094A}.Release|Any CPU.ActiveCfg = Release|Any CPU
		{16EFB174-29BF-46A2-8A1D-48B2A751094A}.Release|Any CPU.Build.0 = Release|Any CPU
		{63F92E02-EEF5-466B-BE4F-0499F39F83BF}.Debug|Any CPU.ActiveCfg = Debug|Any CPU
		{63F92E02-EEF5-466B-BE4F-0499F39F83BF}.Debug|Any CPU.Build.0 = Debug|Any CPU
		{63F92E02-EEF5-466B-BE4F-0499F39F83BF}.Release|Any CPU.ActiveCfg = Release|Any CPU
		{63F92E02-EEF5-466B-BE4F-0499F39F83BF}.Release|Any CPU.Build.0 = Release|Any CPU
		{3D9A7767-A5EB-4A1D-BCA0-5025170D8516}.Debug|Any CPU.ActiveCfg = Debug|Any CPU
		{3D9A7767-A5EB-4A1D-BCA0-5025170D8516}.Debug|Any CPU.Build.0 = Debug|Any CPU
		{3D9A7767-A5EB-4A1D-BCA0-5025170D8516}.Release|Any CPU.ActiveCfg = Release|Any CPU
		{3D9A7767-A5EB-4A1D-BCA0-5025170D8516}.Release|Any CPU.Build.0 = Release|Any CPU
	EndGlobalSection
	GlobalSection(SolutionProperties) = preSolution
		HideSolutionNode = FALSE
	EndGlobalSection
EndGlobal
